// !$*UTF8*$!
{
	archiveVersion = 1;
	classes = {
	};
	objectVersion = 55;
	objects = {

/* Begin PBXBuildFile section */
		411E96B528AABEF1003D8DF9 /* AppDelegate.swift in Sources */ = {isa = PBXBuildFile; fileRef = 411E96B428AABEF1003D8DF9 /* AppDelegate.swift */; };
		411E96B728AABEF1003D8DF9 /* SceneDelegate.swift in Sources */ = {isa = PBXBuildFile; fileRef = 411E96B628AABEF1003D8DF9 /* SceneDelegate.swift */; };
		411E96B928AABEF1003D8DF9 /* ViewController.swift in Sources */ = {isa = PBXBuildFile; fileRef = 411E96B828AABEF1003D8DF9 /* ViewController.swift */; };
		411E96BC28AABEF1003D8DF9 /* Main.storyboard in Resources */ = {isa = PBXBuildFile; fileRef = 411E96BA28AABEF1003D8DF9 /* Main.storyboard */; };
		411E96BF28AABEF1003D8DF9 /* AppIFB.xcdatamodeld in Sources */ = {isa = PBXBuildFile; fileRef = 411E96BD28AABEF1003D8DF9 /* AppIFB.xcdatamodeld */; };
		411E96C128AABEF2003D8DF9 /* Assets.xcassets in Resources */ = {isa = PBXBuildFile; fileRef = 411E96C028AABEF2003D8DF9 /* Assets.xcassets */; };
		411E96C428AABEF2003D8DF9 /* LaunchScreen.storyboard in Resources */ = {isa = PBXBuildFile; fileRef = 411E96C228AABEF2003D8DF9 /* LaunchScreen.storyboard */; };
		411E96CF28AABEF3003D8DF9 /* AppIFBTests.swift in Sources */ = {isa = PBXBuildFile; fileRef = 411E96CE28AABEF3003D8DF9 /* AppIFBTests.swift */; };
		411E96D928AABEF3003D8DF9 /* AppIFBUITests.swift in Sources */ = {isa = PBXBuildFile; fileRef = 411E96D828AABEF3003D8DF9 /* AppIFBUITests.swift */; };
		411E96DB28AABEF3003D8DF9 /* AppIFBUITestsLaunchTests.swift in Sources */ = {isa = PBXBuildFile; fileRef = 411E96DA28AABEF3003D8DF9 /* AppIFBUITestsLaunchTests.swift */; };
		411E96EB28AAC0F8003D8DF9 /* Coordinator.swift in Sources */ = {isa = PBXBuildFile; fileRef = 411E96EA28AAC0F8003D8DF9 /* Coordinator.swift */; };
		411E96ED28AAC161003D8DF9 /* LoginCoordinator.swift in Sources */ = {isa = PBXBuildFile; fileRef = 411E96EC28AAC161003D8DF9 /* LoginCoordinator.swift */; };
		411E96F128ABA6A9003D8DF9 /* LoginViewController.swift in Sources */ = {isa = PBXBuildFile; fileRef = 411E96F028ABA6A9003D8DF9 /* LoginViewController.swift */; };
		411E96F428ABAE81003D8DF9 /* LoginView.swift in Sources */ = {isa = PBXBuildFile; fileRef = 411E96F328ABAE81003D8DF9 /* LoginView.swift */; };
		4135F91D28EB690200C7114C /* UserViewModel.swift in Sources */ = {isa = PBXBuildFile; fileRef = 4135F91C28EB690200C7114C /* UserViewModel.swift */; };
		4142468D28AFB4E800E42126 /* UIColor+.swift in Sources */ = {isa = PBXBuildFile; fileRef = 4142468C28AFB4E800E42126 /* UIColor+.swift */; };
		4142468F28AFBEAF00E42126 /* TextFieldDefault.swift in Sources */ = {isa = PBXBuildFile; fileRef = 4142468E28AFBEAF00E42126 /* TextFieldDefault.swift */; };
		416B175928DB999B00E4FC1B /* ButtonDefault.swift in Sources */ = {isa = PBXBuildFile; fileRef = 416B175828DB999B00E4FC1B /* ButtonDefault.swift */; };
		4183263D28AD0E46006F24F9 /* LabelDefault.swift in Sources */ = {isa = PBXBuildFile; fileRef = 4183263C28AD0E46006F24F9 /* LabelDefault.swift */; };
		4190AF2128DC66690045382C /* RegisterCoordinator.swift in Sources */ = {isa = PBXBuildFile; fileRef = 4190AF2028DC66690045382C /* RegisterCoordinator.swift */; };
		4190AF2328DC66980045382C /* RegisterViewController.swift in Sources */ = {isa = PBXBuildFile; fileRef = 4190AF2228DC66980045382C /* RegisterViewController.swift */; };
		4190AF2528DC66AC0045382C /* RegisterView.swift in Sources */ = {isa = PBXBuildFile; fileRef = 4190AF2428DC66AC0045382C /* RegisterView.swift */; };
		4190AF2928E43E210045382C /* HomeViewController.swift in Sources */ = {isa = PBXBuildFile; fileRef = 4190AF2828E43E210045382C /* HomeViewController.swift */; };
		4190AF2B28E43E430045382C /* HomeView.swift in Sources */ = {isa = PBXBuildFile; fileRef = 4190AF2A28E43E430045382C /* HomeView.swift */; };
		4190AF2E28E442070045382C /* ViewControllerDefault.swift in Sources */ = {isa = PBXBuildFile; fileRef = 4190AF2D28E442070045382C /* ViewControllerDefault.swift */; };
		4190AF3028E4421D0045382C /* ViewDefault.swift in Sources */ = {isa = PBXBuildFile; fileRef = 4190AF2F28E4421D0045382C /* ViewDefault.swift */; };
		4190AF3228E4B3B50045382C /* LoginViewExtension.swift in Sources */ = {isa = PBXBuildFile; fileRef = 4190AF3128E4B3B50045382C /* LoginViewExtension.swift */; };
		4194B80D28E5A478000223E5 /* HomeCoordinator.swift in Sources */ = {isa = PBXBuildFile; fileRef = 4194B80C28E5A478000223E5 /* HomeCoordinator.swift */; };
/* End PBXBuildFile section */

/* Begin PBXContainerItemProxy section */
		411E96CB28AABEF3003D8DF9 /* PBXContainerItemProxy */ = {
			isa = PBXContainerItemProxy;
			containerPortal = 411E96A928AABEF1003D8DF9 /* Project object */;
			proxyType = 1;
			remoteGlobalIDString = 411E96B028AABEF1003D8DF9;
			remoteInfo = AppIFB;
		};
		411E96D528AABEF3003D8DF9 /* PBXContainerItemProxy */ = {
			isa = PBXContainerItemProxy;
			containerPortal = 411E96A928AABEF1003D8DF9 /* Project object */;
			proxyType = 1;
			remoteGlobalIDString = 411E96B028AABEF1003D8DF9;
			remoteInfo = AppIFB;
		};
/* End PBXContainerItemProxy section */

/* Begin PBXFileReference section */
		411E96B128AABEF1003D8DF9 /* AppIFB.app */ = {isa = PBXFileReference; explicitFileType = wrapper.application; includeInIndex = 0; path = AppIFB.app; sourceTree = BUILT_PRODUCTS_DIR; };
		411E96B428AABEF1003D8DF9 /* AppDelegate.swift */ = {isa = PBXFileReference; lastKnownFileType = sourcecode.swift; path = AppDelegate.swift; sourceTree = "<group>"; };
		411E96B628AABEF1003D8DF9 /* SceneDelegate.swift */ = {isa = PBXFileReference; lastKnownFileType = sourcecode.swift; path = SceneDelegate.swift; sourceTree = "<group>"; };
		411E96B828AABEF1003D8DF9 /* ViewController.swift */ = {isa = PBXFileReference; lastKnownFileType = sourcecode.swift; path = ViewController.swift; sourceTree = "<group>"; };
		411E96BB28AABEF1003D8DF9 /* Base */ = {isa = PBXFileReference; lastKnownFileType = file.storyboard; name = Base; path = Base.lproj/Main.storyboard; sourceTree = "<group>"; };
		411E96BE28AABEF1003D8DF9 /* AppIFB.xcdatamodel */ = {isa = PBXFileReference; lastKnownFileType = wrapper.xcdatamodel; path = AppIFB.xcdatamodel; sourceTree = "<group>"; };
		411E96C028AABEF2003D8DF9 /* Assets.xcassets */ = {isa = PBXFileReference; lastKnownFileType = folder.assetcatalog; path = Assets.xcassets; sourceTree = "<group>"; };
		411E96C328AABEF2003D8DF9 /* Base */ = {isa = PBXFileReference; lastKnownFileType = file.storyboard; name = Base; path = Base.lproj/LaunchScreen.storyboard; sourceTree = "<group>"; };
		411E96C528AABEF2003D8DF9 /* Info.plist */ = {isa = PBXFileReference; lastKnownFileType = text.plist.xml; path = Info.plist; sourceTree = "<group>"; };
		411E96CA28AABEF3003D8DF9 /* AppIFBTests.xctest */ = {isa = PBXFileReference; explicitFileType = wrapper.cfbundle; includeInIndex = 0; path = AppIFBTests.xctest; sourceTree = BUILT_PRODUCTS_DIR; };
		411E96CE28AABEF3003D8DF9 /* AppIFBTests.swift */ = {isa = PBXFileReference; lastKnownFileType = sourcecode.swift; path = AppIFBTests.swift; sourceTree = "<group>"; };
		411E96D428AABEF3003D8DF9 /* AppIFBUITests.xctest */ = {isa = PBXFileReference; explicitFileType = wrapper.cfbundle; includeInIndex = 0; path = AppIFBUITests.xctest; sourceTree = BUILT_PRODUCTS_DIR; };
		411E96D828AABEF3003D8DF9 /* AppIFBUITests.swift */ = {isa = PBXFileReference; lastKnownFileType = sourcecode.swift; path = AppIFBUITests.swift; sourceTree = "<group>"; };
		411E96DA28AABEF3003D8DF9 /* AppIFBUITestsLaunchTests.swift */ = {isa = PBXFileReference; lastKnownFileType = sourcecode.swift; path = AppIFBUITestsLaunchTests.swift; sourceTree = "<group>"; };
		411E96EA28AAC0F8003D8DF9 /* Coordinator.swift */ = {isa = PBXFileReference; lastKnownFileType = sourcecode.swift; path = Coordinator.swift; sourceTree = "<group>"; };
		411E96EC28AAC161003D8DF9 /* LoginCoordinator.swift */ = {isa = PBXFileReference; lastKnownFileType = sourcecode.swift; path = LoginCoordinator.swift; sourceTree = "<group>"; };
		411E96F028ABA6A9003D8DF9 /* LoginViewController.swift */ = {isa = PBXFileReference; lastKnownFileType = sourcecode.swift; path = LoginViewController.swift; sourceTree = "<group>"; };
		411E96F328ABAE81003D8DF9 /* LoginView.swift */ = {isa = PBXFileReference; lastKnownFileType = sourcecode.swift; path = LoginView.swift; sourceTree = "<group>"; };
		4135F91C28EB690200C7114C /* UserViewModel.swift */ = {isa = PBXFileReference; lastKnownFileType = sourcecode.swift; path = UserViewModel.swift; sourceTree = "<group>"; };
		4142468C28AFB4E800E42126 /* UIColor+.swift */ = {isa = PBXFileReference; lastKnownFileType = sourcecode.swift; path = "UIColor+.swift"; sourceTree = "<group>"; };
		4142468E28AFBEAF00E42126 /* TextFieldDefault.swift */ = {isa = PBXFileReference; lastKnownFileType = sourcecode.swift; path = TextFieldDefault.swift; sourceTree = "<group>"; };
		416B175828DB999B00E4FC1B /* ButtonDefault.swift */ = {isa = PBXFileReference; lastKnownFileType = sourcecode.swift; path = ButtonDefault.swift; sourceTree = "<group>"; };
		4183263C28AD0E46006F24F9 /* LabelDefault.swift */ = {isa = PBXFileReference; lastKnownFileType = sourcecode.swift; path = LabelDefault.swift; sourceTree = "<group>"; };
		4190AF2028DC66690045382C /* RegisterCoordinator.swift */ = {isa = PBXFileReference; lastKnownFileType = sourcecode.swift; path = RegisterCoordinator.swift; sourceTree = "<group>"; };
		4190AF2228DC66980045382C /* RegisterViewController.swift */ = {isa = PBXFileReference; lastKnownFileType = sourcecode.swift; path = RegisterViewController.swift; sourceTree = "<group>"; };
		4190AF2428DC66AC0045382C /* RegisterView.swift */ = {isa = PBXFileReference; lastKnownFileType = sourcecode.swift; path = RegisterView.swift; sourceTree = "<group>"; };
		4190AF2828E43E210045382C /* HomeViewController.swift */ = {isa = PBXFileReference; lastKnownFileType = sourcecode.swift; path = HomeViewController.swift; sourceTree = "<group>"; };
		4190AF2A28E43E430045382C /* HomeView.swift */ = {isa = PBXFileReference; lastKnownFileType = sourcecode.swift; path = HomeView.swift; sourceTree = "<group>"; };
		4190AF2D28E442070045382C /* ViewControllerDefault.swift */ = {isa = PBXFileReference; lastKnownFileType = sourcecode.swift; path = ViewControllerDefault.swift; sourceTree = "<group>"; };
		4190AF2F28E4421D0045382C /* ViewDefault.swift */ = {isa = PBXFileReference; lastKnownFileType = sourcecode.swift; path = ViewDefault.swift; sourceTree = "<group>"; };
		4190AF3128E4B3B50045382C /* LoginViewExtension.swift */ = {isa = PBXFileReference; lastKnownFileType = sourcecode.swift; path = LoginViewExtension.swift; sourceTree = "<group>"; };
		4194B80C28E5A478000223E5 /* HomeCoordinator.swift */ = {isa = PBXFileReference; lastKnownFileType = sourcecode.swift; path = HomeCoordinator.swift; sourceTree = "<group>"; };
/* End PBXFileReference section */

/* Begin PBXFrameworksBuildPhase section */
		411E96AE28AABEF1003D8DF9 /* Frameworks */ = {
			isa = PBXFrameworksBuildPhase;
			buildActionMask = 2147483647;
			files = (
			);
			runOnlyForDeploymentPostprocessing = 0;
		};
		411E96C728AABEF3003D8DF9 /* Frameworks */ = {
			isa = PBXFrameworksBuildPhase;
			buildActionMask = 2147483647;
			files = (
			);
			runOnlyForDeploymentPostprocessing = 0;
		};
		411E96D128AABEF3003D8DF9 /* Frameworks */ = {
			isa = PBXFrameworksBuildPhase;
			buildActionMask = 2147483647;
			files = (
			);
			runOnlyForDeploymentPostprocessing = 0;
		};
/* End PBXFrameworksBuildPhase section */

/* Begin PBXGroup section */
		411E96A828AABEF1003D8DF9 = {
			isa = PBXGroup;
			children = (
				411E96B328AABEF1003D8DF9 /* AppIFB */,
				411E96CD28AABEF3003D8DF9 /* AppIFBTests */,
				411E96D728AABEF3003D8DF9 /* AppIFBUITests */,
				411E96B228AABEF1003D8DF9 /* Products */,
			);
			sourceTree = "<group>";
		};
		411E96B228AABEF1003D8DF9 /* Products */ = {
			isa = PBXGroup;
			children = (
				411E96B128AABEF1003D8DF9 /* AppIFB.app */,
				411E96CA28AABEF3003D8DF9 /* AppIFBTests.xctest */,
				411E96D428AABEF3003D8DF9 /* AppIFBUITests.xctest */,
			);
			name = Products;
			sourceTree = "<group>";
		};
		411E96B328AABEF1003D8DF9 /* AppIFB */ = {
			isa = PBXGroup;
			children = (
				411E96E828AAC01B003D8DF9 /* Source */,
				411E96E728AABF8F003D8DF9 /* Resource */,
				411E96C528AABEF2003D8DF9 /* Info.plist */,
			);
			path = AppIFB;
			sourceTree = "<group>";
		};
		411E96CD28AABEF3003D8DF9 /* AppIFBTests */ = {
			isa = PBXGroup;
			children = (
				411E96CE28AABEF3003D8DF9 /* AppIFBTests.swift */,
			);
			path = AppIFBTests;
			sourceTree = "<group>";
		};
		411E96D728AABEF3003D8DF9 /* AppIFBUITests */ = {
			isa = PBXGroup;
			children = (
				411E96D828AABEF3003D8DF9 /* AppIFBUITests.swift */,
				411E96DA28AABEF3003D8DF9 /* AppIFBUITestsLaunchTests.swift */,
			);
			path = AppIFBUITests;
			sourceTree = "<group>";
		};
		411E96E728AABF8F003D8DF9 /* Resource */ = {
			isa = PBXGroup;
			children = (
				411E96BD28AABEF1003D8DF9 /* AppIFB.xcdatamodeld */,
				411E96B428AABEF1003D8DF9 /* AppDelegate.swift */,
				411E96B628AABEF1003D8DF9 /* SceneDelegate.swift */,
				411E96B828AABEF1003D8DF9 /* ViewController.swift */,
				411E96BA28AABEF1003D8DF9 /* Main.storyboard */,
				411E96C028AABEF2003D8DF9 /* Assets.xcassets */,
				411E96C228AABEF2003D8DF9 /* LaunchScreen.storyboard */,
			);
			path = Resource;
			sourceTree = "<group>";
		};
		411E96E828AAC01B003D8DF9 /* Source */ = {
			isa = PBXGroup;
			children = (
				4135F91B28EB68DE00C7114C /* ViewModel */,
				4183263A28AD0DE7006F24F9 /* Infrasctructure */,
				411E96EE28ABA65F003D8DF9 /* Controller */,
				411E96E928AAC0DD003D8DF9 /* Coordenator */,
			);
			path = Source;
			sourceTree = "<group>";
		};
		411E96E928AAC0DD003D8DF9 /* Coordenator */ = {
			isa = PBXGroup;
			children = (
				411E96EA28AAC0F8003D8DF9 /* Coordinator.swift */,
				411E96EC28AAC161003D8DF9 /* LoginCoordinator.swift */,
				4190AF2028DC66690045382C /* RegisterCoordinator.swift */,
				4194B80C28E5A478000223E5 /* HomeCoordinator.swift */,
			);
			path = Coordenator;
			sourceTree = "<group>";
		};
		411E96EE28ABA65F003D8DF9 /* Controller */ = {
			isa = PBXGroup;
			children = (
				4190AF2628E2F3480045382C /* Home */,
				411E96EF28ABA66F003D8DF9 /* Login */,
				4190AF1F28DC660A0045382C /* Register */,
			);
			path = Controller;
			sourceTree = "<group>";
		};
		411E96EF28ABA66F003D8DF9 /* Login */ = {
			isa = PBXGroup;
			children = (
				411E96F028ABA6A9003D8DF9 /* LoginViewController.swift */,
				411E96F328ABAE81003D8DF9 /* LoginView.swift */,
				4190AF3128E4B3B50045382C /* LoginViewExtension.swift */,
			);
			path = Login;
			sourceTree = "<group>";
		};
		4135F91B28EB68DE00C7114C /* ViewModel */ = {
			isa = PBXGroup;
			children = (
				4135F91C28EB690200C7114C /* UserViewModel.swift */,
			);
			path = ViewModel;
			sourceTree = "<group>";
		};
		4142468B28AFB4CC00E42126 /* Extensions */ = {
			isa = PBXGroup;
			children = (
				4142468C28AFB4E800E42126 /* UIColor+.swift */,
			);
			path = Extensions;
			sourceTree = "<group>";
		};
		4183263A28AD0DE7006F24F9 /* Infrasctructure */ = {
			isa = PBXGroup;
			children = (
				4142468B28AFB4CC00E42126 /* Extensions */,
				4183263B28AD0E00006F24F9 /* Components */,
			);
			path = Infrasctructure;
			sourceTree = "<group>";
		};
		4183263B28AD0E00006F24F9 /* Components */ = {
			isa = PBXGroup;
			children = (
				4183263C28AD0E46006F24F9 /* LabelDefault.swift */,
				4142468E28AFBEAF00E42126 /* TextFieldDefault.swift */,
				416B175828DB999B00E4FC1B /* ButtonDefault.swift */,
				4190AF2D28E442070045382C /* ViewControllerDefault.swift */,
				4190AF2F28E4421D0045382C /* ViewDefault.swift */,
			);
			path = Components;
			sourceTree = "<group>";
		};
		4190AF1F28DC660A0045382C /* Register */ = {
			isa = PBXGroup;
			children = (
				4190AF2228DC66980045382C /* RegisterViewController.swift */,
				4190AF2428DC66AC0045382C /* RegisterView.swift */,
			);
			path = Register;
			sourceTree = "<group>";
		};
		4190AF2628E2F3480045382C /* Home */ = {
			isa = PBXGroup;
			children = (
				4190AF2828E43E210045382C /* HomeViewController.swift */,
				4190AF2A28E43E430045382C /* HomeView.swift */,
			);
			path = Home;
			sourceTree = "<group>";
		};
/* End PBXGroup section */

/* Begin PBXNativeTarget section */
		411E96B028AABEF1003D8DF9 /* AppIFB */ = {
			isa = PBXNativeTarget;
			buildConfigurationList = 411E96DE28AABEF3003D8DF9 /* Build configuration list for PBXNativeTarget "AppIFB" */;
			buildPhases = (
				411E96AD28AABEF1003D8DF9 /* Sources */,
				411E96AE28AABEF1003D8DF9 /* Frameworks */,
				411E96AF28AABEF1003D8DF9 /* Resources */,
			);
			buildRules = (
			);
			dependencies = (
			);
			name = AppIFB;
			productName = AppIFB;
			productReference = 411E96B128AABEF1003D8DF9 /* AppIFB.app */;
			productType = "com.apple.product-type.application";
		};
		411E96C928AABEF3003D8DF9 /* AppIFBTests */ = {
			isa = PBXNativeTarget;
			buildConfigurationList = 411E96E128AABEF3003D8DF9 /* Build configuration list for PBXNativeTarget "AppIFBTests" */;
			buildPhases = (
				411E96C628AABEF3003D8DF9 /* Sources */,
				411E96C728AABEF3003D8DF9 /* Frameworks */,
				411E96C828AABEF3003D8DF9 /* Resources */,
			);
			buildRules = (
			);
			dependencies = (
				411E96CC28AABEF3003D8DF9 /* PBXTargetDependency */,
			);
			name = AppIFBTests;
			productName = AppIFBTests;
			productReference = 411E96CA28AABEF3003D8DF9 /* AppIFBTests.xctest */;
			productType = "com.apple.product-type.bundle.unit-test";
		};
		411E96D328AABEF3003D8DF9 /* AppIFBUITests */ = {
			isa = PBXNativeTarget;
			buildConfigurationList = 411E96E428AABEF3003D8DF9 /* Build configuration list for PBXNativeTarget "AppIFBUITests" */;
			buildPhases = (
				411E96D028AABEF3003D8DF9 /* Sources */,
				411E96D128AABEF3003D8DF9 /* Frameworks */,
				411E96D228AABEF3003D8DF9 /* Resources */,
			);
			buildRules = (
			);
			dependencies = (
				411E96D628AABEF3003D8DF9 /* PBXTargetDependency */,
			);
			name = AppIFBUITests;
			productName = AppIFBUITests;
			productReference = 411E96D428AABEF3003D8DF9 /* AppIFBUITests.xctest */;
			productType = "com.apple.product-type.bundle.ui-testing";
		};
/* End PBXNativeTarget section */

/* Begin PBXProject section */
		411E96A928AABEF1003D8DF9 /* Project object */ = {
			isa = PBXProject;
			attributes = {
				BuildIndependentTargetsInParallel = 1;
				LastSwiftUpdateCheck = 1340;
				LastUpgradeCheck = 1340;
				TargetAttributes = {
					411E96B028AABEF1003D8DF9 = {
						CreatedOnToolsVersion = 13.4.1;
					};
					411E96C928AABEF3003D8DF9 = {
						CreatedOnToolsVersion = 13.4.1;
						TestTargetID = 411E96B028AABEF1003D8DF9;
					};
					411E96D328AABEF3003D8DF9 = {
						CreatedOnToolsVersion = 13.4.1;
						TestTargetID = 411E96B028AABEF1003D8DF9;
					};
				};
			};
			buildConfigurationList = 411E96AC28AABEF1003D8DF9 /* Build configuration list for PBXProject "AppIFB" */;
			compatibilityVersion = "Xcode 13.0";
			developmentRegion = en;
			hasScannedForEncodings = 0;
			knownRegions = (
				en,
				Base,
			);
			mainGroup = 411E96A828AABEF1003D8DF9;
			productRefGroup = 411E96B228AABEF1003D8DF9 /* Products */;
			projectDirPath = "";
			projectRoot = "";
			targets = (
				411E96B028AABEF1003D8DF9 /* AppIFB */,
				411E96C928AABEF3003D8DF9 /* AppIFBTests */,
				411E96D328AABEF3003D8DF9 /* AppIFBUITests */,
			);
		};
/* End PBXProject section */

/* Begin PBXResourcesBuildPhase section */
		411E96AF28AABEF1003D8DF9 /* Resources */ = {
			isa = PBXResourcesBuildPhase;
			buildActionMask = 2147483647;
			files = (
				411E96C428AABEF2003D8DF9 /* LaunchScreen.storyboard in Resources */,
				411E96C128AABEF2003D8DF9 /* Assets.xcassets in Resources */,
				411E96BC28AABEF1003D8DF9 /* Main.storyboard in Resources */,
			);
			runOnlyForDeploymentPostprocessing = 0;
		};
		411E96C828AABEF3003D8DF9 /* Resources */ = {
			isa = PBXResourcesBuildPhase;
			buildActionMask = 2147483647;
			files = (
			);
			runOnlyForDeploymentPostprocessing = 0;
		};
		411E96D228AABEF3003D8DF9 /* Resources */ = {
			isa = PBXResourcesBuildPhase;
			buildActionMask = 2147483647;
			files = (
			);
			runOnlyForDeploymentPostprocessing = 0;
		};
/* End PBXResourcesBuildPhase section */

/* Begin PBXSourcesBuildPhase section */
		411E96AD28AABEF1003D8DF9 /* Sources */ = {
			isa = PBXSourcesBuildPhase;
			buildActionMask = 2147483647;
			files = (
				411E96F128ABA6A9003D8DF9 /* LoginViewController.swift in Sources */,
				416B175928DB999B00E4FC1B /* ButtonDefault.swift in Sources */,
				4190AF2128DC66690045382C /* RegisterCoordinator.swift in Sources */,
				411E96ED28AAC161003D8DF9 /* LoginCoordinator.swift in Sources */,
				411E96B928AABEF1003D8DF9 /* ViewController.swift in Sources */,
				4194B80D28E5A478000223E5 /* HomeCoordinator.swift in Sources */,
				4190AF2B28E43E430045382C /* HomeView.swift in Sources */,
				4135F91D28EB690200C7114C /* UserViewModel.swift in Sources */,
				411E96BF28AABEF1003D8DF9 /* AppIFB.xcdatamodeld in Sources */,
				4190AF2528DC66AC0045382C /* RegisterView.swift in Sources */,
				4190AF3028E4421D0045382C /* ViewDefault.swift in Sources */,
				411E96EB28AAC0F8003D8DF9 /* Coordinator.swift in Sources */,
				4183263D28AD0E46006F24F9 /* LabelDefault.swift in Sources */,
				4190AF2E28E442070045382C /* ViewControllerDefault.swift in Sources */,
				4190AF3228E4B3B50045382C /* LoginViewExtension.swift in Sources */,
				411E96B528AABEF1003D8DF9 /* AppDelegate.swift in Sources */,
				4190AF2328DC66980045382C /* RegisterViewController.swift in Sources */,
				4190AF2928E43E210045382C /* HomeViewController.swift in Sources */,
				4142468F28AFBEAF00E42126 /* TextFieldDefault.swift in Sources */,
				411E96F428ABAE81003D8DF9 /* LoginView.swift in Sources */,
				411E96B728AABEF1003D8DF9 /* SceneDelegate.swift in Sources */,
				4142468D28AFB4E800E42126 /* UIColor+.swift in Sources */,
			);
			runOnlyForDeploymentPostprocessing = 0;
		};
		411E96C628AABEF3003D8DF9 /* Sources */ = {
			isa = PBXSourcesBuildPhase;
			buildActionMask = 2147483647;
			files = (
				411E96CF28AABEF3003D8DF9 /* AppIFBTests.swift in Sources */,
			);
			runOnlyForDeploymentPostprocessing = 0;
		};
		411E96D028AABEF3003D8DF9 /* Sources */ = {
			isa = PBXSourcesBuildPhase;
			buildActionMask = 2147483647;
			files = (
				411E96DB28AABEF3003D8DF9 /* AppIFBUITestsLaunchTests.swift in Sources */,
				411E96D928AABEF3003D8DF9 /* AppIFBUITests.swift in Sources */,
			);
			runOnlyForDeploymentPostprocessing = 0;
		};
/* End PBXSourcesBuildPhase section */

/* Begin PBXTargetDependency section */
		411E96CC28AABEF3003D8DF9 /* PBXTargetDependency */ = {
			isa = PBXTargetDependency;
			target = 411E96B028AABEF1003D8DF9 /* AppIFB */;
			targetProxy = 411E96CB28AABEF3003D8DF9 /* PBXContainerItemProxy */;
		};
		411E96D628AABEF3003D8DF9 /* PBXTargetDependency */ = {
			isa = PBXTargetDependency;
			target = 411E96B028AABEF1003D8DF9 /* AppIFB */;
			targetProxy = 411E96D528AABEF3003D8DF9 /* PBXContainerItemProxy */;
		};
/* End PBXTargetDependency section */

/* Begin PBXVariantGroup section */
		411E96BA28AABEF1003D8DF9 /* Main.storyboard */ = {
			isa = PBXVariantGroup;
			children = (
				411E96BB28AABEF1003D8DF9 /* Base */,
			);
			name = Main.storyboard;
			sourceTree = "<group>";
		};
		411E96C228AABEF2003D8DF9 /* LaunchScreen.storyboard */ = {
			isa = PBXVariantGroup;
			children = (
				411E96C328AABEF2003D8DF9 /* Base */,
			);
			name = LaunchScreen.storyboard;
			sourceTree = "<group>";
		};
/* End PBXVariantGroup section */

/* Begin XCBuildConfiguration section */
		411E96DC28AABEF3003D8DF9 /* Debug */ = {
			isa = XCBuildConfiguration;
			buildSettings = {
				ALWAYS_SEARCH_USER_PATHS = NO;
				CLANG_ANALYZER_NONNULL = YES;
				CLANG_ANALYZER_NUMBER_OBJECT_CONVERSION = YES_AGGRESSIVE;
				CLANG_CXX_LANGUAGE_STANDARD = "gnu++17";
				CLANG_ENABLE_MODULES = YES;
				CLANG_ENABLE_OBJC_ARC = YES;
				CLANG_ENABLE_OBJC_WEAK = YES;
				CLANG_WARN_BLOCK_CAPTURE_AUTORELEASING = YES;
				CLANG_WARN_BOOL_CONVERSION = YES;
				CLANG_WARN_COMMA = YES;
				CLANG_WARN_CONSTANT_CONVERSION = YES;
				CLANG_WARN_DEPRECATED_OBJC_IMPLEMENTATIONS = YES;
				CLANG_WARN_DIRECT_OBJC_ISA_USAGE = YES_ERROR;
				CLANG_WARN_DOCUMENTATION_COMMENTS = YES;
				CLANG_WARN_EMPTY_BODY = YES;
				CLANG_WARN_ENUM_CONVERSION = YES;
				CLANG_WARN_INFINITE_RECURSION = YES;
				CLANG_WARN_INT_CONVERSION = YES;
				CLANG_WARN_NON_LITERAL_NULL_CONVERSION = YES;
				CLANG_WARN_OBJC_IMPLICIT_RETAIN_SELF = YES;
				CLANG_WARN_OBJC_LITERAL_CONVERSION = YES;
				CLANG_WARN_OBJC_ROOT_CLASS = YES_ERROR;
				CLANG_WARN_QUOTED_INCLUDE_IN_FRAMEWORK_HEADER = YES;
				CLANG_WARN_RANGE_LOOP_ANALYSIS = YES;
				CLANG_WARN_STRICT_PROTOTYPES = YES;
				CLANG_WARN_SUSPICIOUS_MOVE = YES;
				CLANG_WARN_UNGUARDED_AVAILABILITY = YES_AGGRESSIVE;
				CLANG_WARN_UNREACHABLE_CODE = YES;
				CLANG_WARN__DUPLICATE_METHOD_MATCH = YES;
				COPY_PHASE_STRIP = NO;
				DEBUG_INFORMATION_FORMAT = dwarf;
				ENABLE_STRICT_OBJC_MSGSEND = YES;
				ENABLE_TESTABILITY = YES;
				GCC_C_LANGUAGE_STANDARD = gnu11;
				GCC_DYNAMIC_NO_PIC = NO;
				GCC_NO_COMMON_BLOCKS = YES;
				GCC_OPTIMIZATION_LEVEL = 0;
				GCC_PREPROCESSOR_DEFINITIONS = (
					"DEBUG=1",
					"$(inherited)",
				);
				GCC_WARN_64_TO_32_BIT_CONVERSION = YES;
				GCC_WARN_ABOUT_RETURN_TYPE = YES_ERROR;
				GCC_WARN_UNDECLARED_SELECTOR = YES;
				GCC_WARN_UNINITIALIZED_AUTOS = YES_AGGRESSIVE;
				GCC_WARN_UNUSED_FUNCTION = YES;
				GCC_WARN_UNUSED_VARIABLE = YES;
				IPHONEOS_DEPLOYMENT_TARGET = 15.5;
				MTL_ENABLE_DEBUG_INFO = INCLUDE_SOURCE;
				MTL_FAST_MATH = YES;
				ONLY_ACTIVE_ARCH = YES;
				SDKROOT = iphoneos;
				SWIFT_ACTIVE_COMPILATION_CONDITIONS = DEBUG;
				SWIFT_OPTIMIZATION_LEVEL = "-Onone";
			};
			name = Debug;
		};
		411E96DD28AABEF3003D8DF9 /* Release */ = {
			isa = XCBuildConfiguration;
			buildSettings = {
				ALWAYS_SEARCH_USER_PATHS = NO;
				CLANG_ANALYZER_NONNULL = YES;
				CLANG_ANALYZER_NUMBER_OBJECT_CONVERSION = YES_AGGRESSIVE;
				CLANG_CXX_LANGUAGE_STANDARD = "gnu++17";
				CLANG_ENABLE_MODULES = YES;
				CLANG_ENABLE_OBJC_ARC = YES;
				CLANG_ENABLE_OBJC_WEAK = YES;
				CLANG_WARN_BLOCK_CAPTURE_AUTORELEASING = YES;
				CLANG_WARN_BOOL_CONVERSION = YES;
				CLANG_WARN_COMMA = YES;
				CLANG_WARN_CONSTANT_CONVERSION = YES;
				CLANG_WARN_DEPRECATED_OBJC_IMPLEMENTATIONS = YES;
				CLANG_WARN_DIRECT_OBJC_ISA_USAGE = YES_ERROR;
				CLANG_WARN_DOCUMENTATION_COMMENTS = YES;
				CLANG_WARN_EMPTY_BODY = YES;
				CLANG_WARN_ENUM_CONVERSION = YES;
				CLANG_WARN_INFINITE_RECURSION = YES;
				CLANG_WARN_INT_CONVERSION = YES;
				CLANG_WARN_NON_LITERAL_NULL_CONVERSION = YES;
				CLANG_WARN_OBJC_IMPLICIT_RETAIN_SELF = YES;
				CLANG_WARN_OBJC_LITERAL_CONVERSION = YES;
				CLANG_WARN_OBJC_ROOT_CLASS = YES_ERROR;
				CLANG_WARN_QUOTED_INCLUDE_IN_FRAMEWORK_HEADER = YES;
				CLANG_WARN_RANGE_LOOP_ANALYSIS = YES;
				CLANG_WARN_STRICT_PROTOTYPES = YES;
				CLANG_WARN_SUSPICIOUS_MOVE = YES;
				CLANG_WARN_UNGUARDED_AVAILABILITY = YES_AGGRESSIVE;
				CLANG_WARN_UNREACHABLE_CODE = YES;
				CLANG_WARN__DUPLICATE_METHOD_MATCH = YES;
				COPY_PHASE_STRIP = NO;
				DEBUG_INFORMATION_FORMAT = "dwarf-with-dsym";
				ENABLE_NS_ASSERTIONS = NO;
				ENABLE_STRICT_OBJC_MSGSEND = YES;
				GCC_C_LANGUAGE_STANDARD = gnu11;
				GCC_NO_COMMON_BLOCKS = YES;
				GCC_WARN_64_TO_32_BIT_CONVERSION = YES;
				GCC_WARN_ABOUT_RETURN_TYPE = YES_ERROR;
				GCC_WARN_UNDECLARED_SELECTOR = YES;
				GCC_WARN_UNINITIALIZED_AUTOS = YES_AGGRESSIVE;
				GCC_WARN_UNUSED_FUNCTION = YES;
				GCC_WARN_UNUSED_VARIABLE = YES;
				IPHONEOS_DEPLOYMENT_TARGET = 15.5;
				MTL_ENABLE_DEBUG_INFO = NO;
				MTL_FAST_MATH = YES;
				SDKROOT = iphoneos;
				SWIFT_COMPILATION_MODE = wholemodule;
				SWIFT_OPTIMIZATION_LEVEL = "-O";
				VALIDATE_PRODUCT = YES;
			};
			name = Release;
		};
		411E96DF28AABEF3003D8DF9 /* Debug */ = {
			isa = XCBuildConfiguration;
			buildSettings = {
				ASSETCATALOG_COMPILER_APPICON_NAME = AppIcon;
				ASSETCATALOG_COMPILER_GLOBAL_ACCENT_COLOR_NAME = AccentColor;
				CODE_SIGN_STYLE = Automatic;
				CURRENT_PROJECT_VERSION = 1;
				DEVELOPMENT_TEAM = 73W8Q3Z5K3;
				GENERATE_INFOPLIST_FILE = YES;
				INFOPLIST_FILE = AppIFB/Info.plist;
				INFOPLIST_KEY_UIApplicationSupportsIndirectInputEvents = YES;
				INFOPLIST_KEY_UILaunchStoryboardName = LaunchScreen;
				INFOPLIST_KEY_UIMainStoryboardFile = Main;
				INFOPLIST_KEY_UISupportedInterfaceOrientations_iPad = "UIInterfaceOrientationPortrait UIInterfaceOrientationPortraitUpsideDown UIInterfaceOrientationLandscapeLeft UIInterfaceOrientationLandscapeRight";
				INFOPLIST_KEY_UISupportedInterfaceOrientations_iPhone = "UIInterfaceOrientationPortrait UIInterfaceOrientationLandscapeLeft UIInterfaceOrientationLandscapeRight";
				LD_RUNPATH_SEARCH_PATHS = (
					"$(inherited)",
					"@executable_path/Frameworks",
				);
				MARKETING_VERSION = 1.0;
				PRODUCT_BUNDLE_IDENTIFIER = br.edu.ifb.AppIFB;
				PRODUCT_NAME = "$(TARGET_NAME)";
				SWIFT_EMIT_LOC_STRINGS = YES;
				SWIFT_VERSION = 5.0;
				TARGETED_DEVICE_FAMILY = "1,2";
			};
			name = Debug;
		};
		411E96E028AABEF3003D8DF9 /* Release */ = {
			isa = XCBuildConfiguration;
			buildSettings = {
				ASSETCATALOG_COMPILER_APPICON_NAME = AppIcon;
				ASSETCATALOG_COMPILER_GLOBAL_ACCENT_COLOR_NAME = AccentColor;
				CODE_SIGN_STYLE = Automatic;
				CURRENT_PROJECT_VERSION = 1;
				DEVELOPMENT_TEAM = 73W8Q3Z5K3;
				GENERATE_INFOPLIST_FILE = YES;
				INFOPLIST_FILE = AppIFB/Info.plist;
				INFOPLIST_KEY_UIApplicationSupportsIndirectInputEvents = YES;
				INFOPLIST_KEY_UILaunchStoryboardName = LaunchScreen;
				INFOPLIST_KEY_UIMainStoryboardFile = Main;
				INFOPLIST_KEY_UISupportedInterfaceOrientations_iPad = "UIInterfaceOrientationPortrait UIInterfaceOrientationPortraitUpsideDown UIInterfaceOrientationLandscapeLeft UIInterfaceOrientationLandscapeRight";
				INFOPLIST_KEY_UISupportedInterfaceOrientations_iPhone = "UIInterfaceOrientationPortrait UIInterfaceOrientationLandscapeLeft UIInterfaceOrientationLandscapeRight";
				LD_RUNPATH_SEARCH_PATHS = (
					"$(inherited)",
					"@executable_path/Frameworks",
				);
				MARKETING_VERSION = 1.0;
				PRODUCT_BUNDLE_IDENTIFIER = br.edu.ifb.AppIFB;
				PRODUCT_NAME = "$(TARGET_NAME)";
				SWIFT_EMIT_LOC_STRINGS = YES;
				SWIFT_VERSION = 5.0;
				TARGETED_DEVICE_FAMILY = "1,2";
			};
			name = Release;
		};
		411E96E228AABEF3003D8DF9 /* Debug */ = {
			isa = XCBuildConfiguration;
			buildSettings = {
				ALWAYS_EMBED_SWIFT_STANDARD_LIBRARIES = YES;
				BUNDLE_LOADER = "$(TEST_HOST)";
				CODE_SIGN_STYLE = Automatic;
				CURRENT_PROJECT_VERSION = 1;
				DEVELOPMENT_TEAM = 73W8Q3Z5K3;
				GENERATE_INFOPLIST_FILE = YES;
				IPHONEOS_DEPLOYMENT_TARGET = 15.5;
				MARKETING_VERSION = 1.0;
				PRODUCT_BUNDLE_IDENTIFIER = br.edu.ifb.AppIFBTests;
				PRODUCT_NAME = "$(TARGET_NAME)";
				SWIFT_EMIT_LOC_STRINGS = NO;
				SWIFT_VERSION = 5.0;
				TARGETED_DEVICE_FAMILY = "1,2";
				TEST_HOST = "$(BUILT_PRODUCTS_DIR)/AppIFB.app/AppIFB";
			};
			name = Debug;
		};
		411E96E328AABEF3003D8DF9 /* Release */ = {
			isa = XCBuildConfiguration;
			buildSettings = {
				ALWAYS_EMBED_SWIFT_STANDARD_LIBRARIES = YES;
				BUNDLE_LOADER = "$(TEST_HOST)";
				CODE_SIGN_STYLE = Automatic;
				CURRENT_PROJECT_VERSION = 1;
				DEVELOPMENT_TEAM = 73W8Q3Z5K3;
				GENERATE_INFOPLIST_FILE = YES;
				IPHONEOS_DEPLOYMENT_TARGET = 15.5;
				MARKETING_VERSION = 1.0;
				PRODUCT_BUNDLE_IDENTIFIER = br.edu.ifb.AppIFBTests;
				PRODUCT_NAME = "$(TARGET_NAME)";
				SWIFT_EMIT_LOC_STRINGS = NO;
				SWIFT_VERSION = 5.0;
				TARGETED_DEVICE_FAMILY = "1,2";
				TEST_HOST = "$(BUILT_PRODUCTS_DIR)/AppIFB.app/AppIFB";
			};
			name = Release;
		};
		411E96E528AABEF3003D8DF9 /* Debug */ = {
			isa = XCBuildConfiguration;
			buildSettings = {
				ALWAYS_EMBED_SWIFT_STANDARD_LIBRARIES = YES;
				CODE_SIGN_STYLE = Automatic;
				CURRENT_PROJECT_VERSION = 1;
				DEVELOPMENT_TEAM = 73W8Q3Z5K3;
				GENERATE_INFOPLIST_FILE = YES;
				MARKETING_VERSION = 1.0;
				PRODUCT_BUNDLE_IDENTIFIER = br.edu.ifb.AppIFBUITests;
				PRODUCT_NAME = "$(TARGET_NAME)";
				SWIFT_EMIT_LOC_STRINGS = NO;
				SWIFT_VERSION = 5.0;
				TARGETED_DEVICE_FAMILY = "1,2";
				TEST_TARGET_NAME = AppIFB;
			};
			name = Debug;
		};
		411E96E628AABEF3003D8DF9 /* Release */ = {
			isa = XCBuildConfiguration;
			buildSettings = {
				ALWAYS_EMBED_SWIFT_STANDARD_LIBRARIES = YES;
				CODE_SIGN_STYLE = Automatic;
				CURRENT_PROJECT_VERSION = 1;
				DEVELOPMENT_TEAM = 73W8Q3Z5K3;
				GENERATE_INFOPLIST_FILE = YES;
				MARKETING_VERSION = 1.0;
				PRODUCT_BUNDLE_IDENTIFIER = br.edu.ifb.AppIFBUITests;
				PRODUCT_NAME = "$(TARGET_NAME)";
				SWIFT_EMIT_LOC_STRINGS = NO;
				SWIFT_VERSION = 5.0;
				TARGETED_DEVICE_FAMILY = "1,2";
				TEST_TARGET_NAME = AppIFB;
			};
			name = Release;
		};
/* End XCBuildConfiguration section */

/* Begin XCConfigurationList section */
		411E96AC28AABEF1003D8DF9 /* Build configuration list for PBXProject "AppIFB" */ = {
			isa = XCConfigurationList;
			buildConfigurations = (
				411E96DC28AABEF3003D8DF9 /* Debug */,
				411E96DD28AABEF3003D8DF9 /* Release */,
			);
			defaultConfigurationIsVisible = 0;
			defaultConfigurationName = Release;
		};
		411E96DE28AABEF3003D8DF9 /* Build configuration list for PBXNativeTarget "AppIFB" */ = {
			isa = XCConfigurationList;
			buildConfigurations = (
				411E96DF28AABEF3003D8DF9 /* Debug */,
				411E96E028AABEF3003D8DF9 /* Release */,
			);
			defaultConfigurationIsVisible = 0;
			defaultConfigurationName = Release;
		};
		411E96E128AABEF3003D8DF9 /* Build configuration list for PBXNativeTarget "AppIFBTests" */ = {
			isa = XCConfigurationList;
			buildConfigurations = (
				411E96E228AABEF3003D8DF9 /* Debug */,
				411E96E328AABEF3003D8DF9 /* Release */,
			);
			defaultConfigurationIsVisible = 0;
			defaultConfigurationName = Release;
		};
		411E96E428AABEF3003D8DF9 /* Build configuration list for PBXNativeTarget "AppIFBUITests" */ = {
			isa = XCConfigurationList;
			buildConfigurations = (
				411E96E528AABEF3003D8DF9 /* Debug */,
				411E96E628AABEF3003D8DF9 /* Release */,
			);
			defaultConfigurationIsVisible = 0;
			defaultConfigurationName = Release;
		};
/* End XCConfigurationList section */

/* Begin XCVersionGroup section */
		411E96BD28AABEF1003D8DF9 /* AppIFB.xcdatamodeld */ = {
			isa = XCVersionGroup;
			children = (
				411E96BE28AABEF1003D8DF9 /* AppIFB.xcdatamodel */,
			);
			currentVersion = 411E96BE28AABEF1003D8DF9 /* AppIFB.xcdatamodel */;
			path = AppIFB.xcdatamodeld;
			sourceTree = "<group>";
			versionGroupType = wrapper.xcdatamodel;
		};
/* End XCVersionGroup section */
	};
	rootObject = 411E96A928AABEF1003D8DF9 /* Project object */;
}
